
Microsoft Visual Studio Solution File, Format Version 12.00
# Visual Studio Version 17
VisualStudioVersion = 17.7.34031.279
MinimumVisualStudioVersion = 10.0.40219.1
Project("{FAE04EC0-301F-11D3-BF4B-00C04F79EFBC}") = "some-menu", "some-menu.csproj", "{AE81C4B6-85D8-4FED-BCF9-37445A2DB56E}"
EndProject
Global
	GlobalSection(SolutionConfigurationPlatforms) = preSolution
		Debug|Any CPU = Debug|Any CPU
		Release|Any CPU = Release|Any CPU
	EndGlobalSection
	GlobalSection(ProjectConfigurationPlatforms) = postSolution
		{AE81C4B6-85D8-4FED-BCF9-37445A2DB56E}.Debug|Any CPU.ActiveCfg = Debug|Any CPU
		{AE81C4B6-85D8-4FED-BCF9-37445A2DB56E}.Debug|Any CPU.Build.0 = Debug|Any CPU
		{AE81C4B6-85D8-4FED-BCF9-37445A2DB56E}.Release|Any CPU.ActiveCfg = Release|Any CPU
		{AE81C4B6-85D8-4FED-BCF9-37445A2DB56E}.Release|Any CPU.Build.0 = Release|Any CPU
	EndGlobalSection
	GlobalSection(SolutionProperties) = preSolution
		HideSolutionNode = FALSE
	EndGlobalSection
	GlobalSection(ExtensibilityGlobals) = postSolution
		SolutionGuid = {DE72AA27-4E5D-48F8-A6BD-B447C9772A50}
	EndGlobalSection
EndGlobal
